
Microsoft Visual Studio Solution File, Format Version 12.00
# Visual Studio 2012
Project("{FAE04EC0-301F-11D3-BF4B-00C04F79EFBC}") = "WebApp", "WebApp\WebApp.csproj", "{19E00495-34CA-4254-BA8F-56C5188C1F53}"
EndProject
Project("{FAE04EC0-301F-11D3-BF4B-00C04F79EFBC}") = "IntegrationTests", "IntegrationTests\IntegrationTests.csproj", "{C56555D6-F72C-45AE-8705-5157026BF3D4}"
EndProject
Project("{2150E333-8FDC-42A3-9474-1A3956D46DE8}") = ".nuget", ".nuget", "{2CA30890-A905-4B55-AE33-25D845FF4558}"
	ProjectSection(SolutionItems) = preProject
		.nuget\packages.config = .nuget\packages.config
	EndProjectSection
EndProject
Project("{FAE04EC0-301F-11D3-BF4B-00C04F79EFBC}") = "UnitTests", "UnitTests\UnitTests.csproj", "{E4874A7C-233B-449A-A55C-67579C4112C7}"
EndProject
Global
	GlobalSection(SolutionConfigurationPlatforms) = preSolution
		Debug|Any CPU = Debug|Any CPU
		Release|Any CPU = Release|Any CPU
	EndGlobalSection
	GlobalSection(ProjectConfigurationPlatforms) = postSolution
		{19E00495-34CA-4254-BA8F-56C5188C1F53}.Debug|Any CPU.ActiveCfg = Debug|Any CPU
		{19E00495-34CA-4254-BA8F-56C5188C1F53}.Debug|Any CPU.Build.0 = Debug|Any CPU
		{19E00495-34CA-4254-BA8F-56C5188C1F53}.Release|Any CPU.ActiveCfg = Release|Any CPU
		{19E00495-34CA-4254-BA8F-56C5188C1F53}.Release|Any CPU.Build.0 = Release|Any CPU
		{C56555D6-F72C-45AE-8705-5157026BF3D4}.Debug|Any CPU.ActiveCfg = Debug|Any CPU
		{C56555D6-F72C-45AE-8705-5157026BF3D4}.Debug|Any CPU.Build.0 = Debug|Any CPU
		{C56555D6-F72C-45AE-8705-5157026BF3D4}.Release|Any CPU.ActiveCfg = Release|Any CPU
		{C56555D6-F72C-45AE-8705-5157026BF3D4}.Release|Any CPU.Build.0 = Release|Any CPU
		{E4874A7C-233B-449A-A55C-67579C4112C7}.Debug|Any CPU.ActiveCfg = Debug|Any CPU
		{E4874A7C-233B-449A-A55C-67579C4112C7}.Debug|Any CPU.Build.0 = Debug|Any CPU
		{E4874A7C-233B-449A-A55C-67579C4112C7}.Release|Any CPU.ActiveCfg = Release|Any CPU
		{E4874A7C-233B-449A-A55C-67579C4112C7}.Release|Any CPU.Build.0 = Release|Any CPU
	EndGlobalSection
	GlobalSection(SolutionProperties) = preSolution
		HideSolutionNode = FALSE
	EndGlobalSection
EndGlobal
